
Microsoft Visual Studio Solution File, Format Version 11.00
# Visual Studio 2010
Project("{8BC9CEB8-8B4A-11D0-8D11-00A0C91BC942}") = "testArray", "testArray.vcxproj", "{5DFD5059-A06E-4064-9EF5-2F09FDB0B305}"
EndProject
Global
	GlobalSection(SolutionConfigurationPlatforms) = preSolution
		Debug|Win32 = Debug|Win32
		Release|Win32 = Release|Win32
	EndGlobalSection
	GlobalSection(ProjectConfigurationPlatforms) = postSolution
		{5DFD5059-A06E-4064-9EF5-2F09FDB0B305}.Debug|Win32.ActiveCfg = Debug|Win32
		{5DFD5059-A06E-4064-9EF5-2F09FDB0B305}.Debug|Win32.Build.0 = Debug|Win32
		{5DFD5059-A06E-4064-9EF5-2F09FDB0B305}.Release|Win32.ActiveCfg = Release|Win32
		{5DFD5059-A06E-4064-9EF5-2F09FDB0B305}.Release|Win32.Build.0 = Release|Win32
	EndGlobalSection
	GlobalSection(SolutionProperties) = preSolution
		HideSolutionNode = FALSE
	EndGlobalSection
EndGlobal
