
Microsoft Visual Studio Solution File, Format Version 11.00
# Visual Studio 2010
Project("{8BC9CEB8-8B4A-11D0-8D11-00A0C91BC942}") = "heisenberg-ga", "heisenberg-ga\heisenberg-ga.vcxproj", "{03652998-57AF-401C-9366-8BA6B6E0DDF1}"
EndProject
Global
	GlobalSection(SolutionConfigurationPlatforms) = preSolution
		Debug|Win32 = Debug|Win32
		Release|Win32 = Release|Win32
	EndGlobalSection
	GlobalSection(ProjectConfigurationPlatforms) = postSolution
		{03652998-57AF-401C-9366-8BA6B6E0DDF1}.Debug|Win32.ActiveCfg = Debug|Win32
		{03652998-57AF-401C-9366-8BA6B6E0DDF1}.Debug|Win32.Build.0 = Debug|Win32
		{03652998-57AF-401C-9366-8BA6B6E0DDF1}.Release|Win32.ActiveCfg = Release|Win32
		{03652998-57AF-401C-9366-8BA6B6E0DDF1}.Release|Win32.Build.0 = Release|Win32
	EndGlobalSection
	GlobalSection(SolutionProperties) = preSolution
		HideSolutionNode = FALSE
	EndGlobalSection
EndGlobal
